{
  "version": 4,
  "terraform_version": "1.6.4",
  "serial": 89,
  "lineage": "34a472ca-e85d-46c3-fc82-d244762afe43",
  "outputs": {},
  "resources": [
    {
      "mode": "managed",
      "type": "aws_eip",
      "name": "my_eip",
      "provider": "provider[\"registry.terraform.io/hashicorp/aws\"]",
      "instances": [
        {
          "schema_version": 0,
          "attributes": {
            "address": null,
            "allocation_id": "eipalloc-0798de843b2db6cb7",
            "associate_with_private_ip": null,
            "association_id": "",
            "carrier_ip": "",
            "customer_owned_ip": "",
            "customer_owned_ipv4_pool": "",
            "domain": "vpc",
            "id": "eipalloc-0798de843b2db6cb7",
            "instance": "",
            "network_border_group": "us-west-2",
            "network_interface": "",
            "private_dns": null,
            "private_ip": "",
            "ptr_record": "",
            "public_dns": "ec2-52-27-12-140.us-west-2.compute.amazonaws.com",
            "public_ip": "52.27.12.140",
            "public_ipv4_pool": "amazon",
            "tags": {
              "Name": "dev-My-EIP"
            },
            "tags_all": {
              "Name": "dev-My-EIP"
            },
            "timeouts": null,
            "vpc": true
          },
          "sensitive_attributes": [],
          "private": "eyJlMmJmYjczMC1lY2FhLTExZTYtOGY4OC0zNDM2M2JjN2M0YzAiOnsiZGVsZXRlIjoxODAwMDAwMDAwMDAsInJlYWQiOjkwMDAwMDAwMDAwMCwidXBkYXRlIjozMDAwMDAwMDAwMDB9fQ=="
        }
      ]
    },
    {
      "mode": "managed",
      "type": "aws_iam_instance_profile",
      "name": "demo-eks-profile",
      "provider": "provider[\"registry.terraform.io/hashicorp/aws\"]",
      "instances": [
        {
          "schema_version": 0,
          "attributes": {
            "arn": "arn:aws:iam::108651951537:instance-profile/demo_eks_profile",
            "create_date": "2024-05-10T07:36:27Z",
            "id": "demo_eks_profile",
            "name": "demo_eks_profile",
            "name_prefix": "",
            "path": "/",
            "role": "EC2S3AccessRole",
            "tags": null,
            "tags_all": {},
            "unique_id": "AIPARSTBJGWYQ2SQPONDK"
          },
          "sensitive_attributes": [],
          "private": "bnVsbA==",
          "dependencies": [
            "aws_iam_role.ec2_access_role"
          ]
        }
      ]
    },
    {
      "mode": "managed",
      "type": "aws_iam_policy",
      "name": "cw-ec2-policy",
      "provider": "provider[\"registry.terraform.io/hashicorp/aws\"]",
      "instances": [
        {
          "schema_version": 0,
          "attributes": {
            "arn": "arn:aws:iam::108651951537:policy/ec2-cw-access-policy",
            "attachment_count": 0,
            "description": "Policy for Ec2 instance to access cloudwatch to send logs",
            "id": "arn:aws:iam::108651951537:policy/ec2-cw-access-policy",
            "name": "ec2-cw-access-policy",
            "name_prefix": "",
            "path": "/",
            "policy": "{\"Statement\":[{\"Action\":[\"logs:CreateLogGroup\",\"logs:CreateLogStream\",\"logs:PutLogEvents\",\"logs:DescribeLogStreams\"],\"Effect\":\"Allow\",\"Resource\":[\"*\"]}],\"Version\":\"2012-10-17\"}",
            "policy_id": "ANPARSTBJGWYTVI65CWIU",
            "tags": null,
            "tags_all": {}
          },
          "sensitive_attributes": [],
          "private": "bnVsbA=="
        }
      ]
    },
    {
      "mode": "managed",
      "type": "aws_iam_policy",
      "name": "s3_access_policy",
      "provider": "provider[\"registry.terraform.io/hashicorp/aws\"]",
      "instances": [
        {
          "schema_version": 0,
          "attributes": {
            "arn": "arn:aws:iam::108651951537:policy/S3AccessPolicy",
            "attachment_count": 0,
            "description": "Policy for EC2 S3 access",
            "id": "arn:aws:iam::108651951537:policy/S3AccessPolicy",
            "name": "S3AccessPolicy",
            "name_prefix": "",
            "path": "/",
            "policy": "{\"Statement\":[{\"Action\":[\"s3:Get*\",\"s3:List*\",\"s3:Put*\",\"s3:Delete*\"],\"Effect\":\"Allow\",\"Resource\":\"arn:aws:s3:::*\"}],\"Version\":\"2012-10-17\"}",
            "policy_id": "ANPARSTBJGWYZ5QZ454HX",
            "tags": null,
            "tags_all": {}
          },
          "sensitive_attributes": [],
          "private": "bnVsbA=="
        }
      ]
    },
    {
      "mode": "managed",
      "type": "aws_iam_role",
      "name": "ec2_access_role",
      "provider": "provider[\"registry.terraform.io/hashicorp/aws\"]",
      "instances": [
        {
          "schema_version": 0,
          "attributes": {
            "arn": "arn:aws:iam::108651951537:role/EC2S3AccessRole",
            "assume_role_policy": "{\"Statement\":[{\"Action\":\"sts:AssumeRole\",\"Effect\":\"Allow\",\"Principal\":{\"Service\":\"ec2.amazonaws.com\"},\"Sid\":\"\"}],\"Version\":\"2012-10-17\"}",
            "create_date": "2024-05-10T07:36:26Z",
            "description": "",
            "force_detach_policies": false,
            "id": "EC2S3AccessRole",
            "inline_policy": [],
            "managed_policy_arns": [],
            "max_session_duration": 3600,
            "name": "EC2S3AccessRole",
            "name_prefix": "",
            "path": "/",
            "permissions_boundary": "",
            "tags": null,
            "tags_all": {},
            "unique_id": "AROARSTBJGWYTIAFJ2N2V"
          },
          "sensitive_attributes": [],
          "private": "bnVsbA=="
        }
      ]
    },
    {
      "mode": "managed",
      "type": "aws_iam_role_policy_attachment",
      "name": "ec2_cw_access_policy_attachment_role",
      "provider": "provider[\"registry.terraform.io/hashicorp/aws\"]",
      "instances": [
        {
          "schema_version": 0,
          "attributes": {
            "id": "EC2S3AccessRole-20240510073628271700000002",
            "policy_arn": "arn:aws:iam::108651951537:policy/ec2-cw-access-policy",
            "role": "EC2S3AccessRole"
          },
          "sensitive_attributes": [],
          "private": "bnVsbA==",
          "dependencies": [
            "aws_iam_policy.cw-ec2-policy",
            "aws_iam_role.ec2_access_role"
          ]
        }
      ]
    },
    {
      "mode": "managed",
      "type": "aws_iam_role_policy_attachment",
      "name": "s3_access_policy_attachment_role",
      "provider": "provider[\"registry.terraform.io/hashicorp/aws\"]",
      "instances": [
        {
          "schema_version": 0,
          "attributes": {
            "id": "EC2S3AccessRole-20240510073628263800000001",
            "policy_arn": "arn:aws:iam::108651951537:policy/S3AccessPolicy",
            "role": "EC2S3AccessRole"
          },
          "sensitive_attributes": [],
          "private": "bnVsbA==",
          "dependencies": [
            "aws_iam_policy.s3_access_policy",
            "aws_iam_role.ec2_access_role"
          ]
        }
      ]
    },
    {
      "mode": "managed",
      "type": "aws_instance",
      "name": "instances",
      "provider": "provider[\"registry.terraform.io/hashicorp/aws\"]",
      "instances": [
        {
          "schema_version": 1,
          "attributes": {
            "ami": "ami-0cf2b4e024cdb6960",
            "arn": "arn:aws:ec2:us-west-2:108651951537:instance/i-02b2327634f1a0ea6",
            "associate_public_ip_address": false,
            "availability_zone": "us-west-2a",
            "capacity_reservation_specification": [
              {
                "capacity_reservation_preference": "open",
                "capacity_reservation_target": []
              }
            ],
            "cpu_core_count": 2,
            "cpu_options": [
              {
                "amd_sev_snp": "",
                "core_count": 2,
                "threads_per_core": 1
              }
            ],
            "cpu_threads_per_core": 1,
            "credit_specification": [
              {
                "cpu_credits": "standard"
              }
            ],
            "disable_api_stop": false,
            "disable_api_termination": false,
            "ebs_block_device": [],
            "ebs_optimized": false,
            "enclave_options": [
              {
                "enabled": false
              }
            ],
            "ephemeral_block_device": [],
            "get_password_data": false,
            "hibernation": false,
            "host_id": "",
            "host_resource_group_arn": null,
            "iam_instance_profile": "demo_eks_profile",
            "id": "i-02b2327634f1a0ea6",
            "instance_initiated_shutdown_behavior": "stop",
            "instance_lifecycle": "",
            "instance_market_options": [],
            "instance_state": "running",
            "instance_type": "t2.medium",
            "ipv6_address_count": 0,
            "ipv6_addresses": [],
            "key_name": "eks_key",
            "launch_template": [],
            "maintenance_options": [
              {
                "auto_recovery": "default"
              }
            ],
            "metadata_options": [
              {
                "http_endpoint": "enabled",
                "http_protocol_ipv6": "disabled",
                "http_put_response_hop_limit": 2,
                "http_tokens": "required",
                "instance_metadata_tags": "disabled"
              }
            ],
            "monitoring": false,
            "network_interface": [],
            "outpost_arn": "",
            "password_data": "",
            "placement_group": "",
            "placement_partition_number": 0,
            "primary_network_interface_id": "eni-00ef43717b6f1e832",
            "private_dns": "ip-10-0-2-128.us-west-2.compute.internal",
            "private_dns_name_options": [
              {
                "enable_resource_name_dns_a_record": false,
                "enable_resource_name_dns_aaaa_record": false,
                "hostname_type": "ip-name"
              }
            ],
            "private_ip": "10.0.2.128",
            "public_dns": "",
            "public_ip": "",
            "root_block_device": [
              {
                "delete_on_termination": true,
                "device_name": "/dev/sda1",
                "encrypted": false,
                "iops": 3000,
                "kms_key_id": "",
                "tags": {},
                "tags_all": {},
                "throughput": 125,
                "volume_id": "vol-017dd42bafada082d",
                "volume_size": 8,
                "volume_type": "gp3"
              }
            ],
            "secondary_private_ips": [],
            "security_groups": [],
            "source_dest_check": true,
            "spot_instance_request_id": "",
            "subnet_id": "subnet-052bb8479d0a71fb9",
            "tags": {
              "Name": "eks-devops-instance"
            },
            "tags_all": {
              "Name": "eks-devops-instance"
            },
            "tenancy": "default",
            "timeouts": null,
            "user_data": "01891486ecb45365dbdd2e9d4c37619fd449a946",
            "user_data_base64": null,
            "user_data_replace_on_change": false,
            "volume_tags": null,
            "vpc_security_group_ids": [
              "sg-0c3d65f5dffa525d0"
            ]
          },
          "sensitive_attributes": [],
          "private": "eyJlMmJmYjczMC1lY2FhLTExZTYtOGY4OC0zNDM2M2JjN2M0YzAiOnsiY3JlYXRlIjo2MDAwMDAwMDAwMDAsImRlbGV0ZSI6MTIwMDAwMDAwMDAwMCwicmVhZCI6OTAwMDAwMDAwMDAwLCJ1cGRhdGUiOjYwMDAwMDAwMDAwMH0sInNjaGVtYV92ZXJzaW9uIjoiMSJ9",
          "dependencies": [
            "aws_iam_instance_profile.demo-eks-profile",
            "aws_iam_role.ec2_access_role",
            "aws_security_group.eks_devops_sg",
            "aws_subnet.private_subnet_1",
            "aws_vpc.my_vpc"
          ]
        }
      ]
    },
    {
      "mode": "managed",
      "type": "aws_internet_gateway",
      "name": "my_igw",
      "provider": "provider[\"registry.terraform.io/hashicorp/aws\"]",
      "instances": [
        {
          "schema_version": 0,
          "attributes": {
            "arn": "arn:aws:ec2:us-west-2:108651951537:internet-gateway/igw-0f7ec26d7d6eb70c7",
            "id": "igw-0f7ec26d7d6eb70c7",
            "owner_id": "108651951537",
            "tags": {
              "Name": "dev-IG"
            },
            "tags_all": {
              "Name": "dev-IG"
            },
            "timeouts": null,
            "vpc_id": "vpc-0b4c0a33775a41afc"
          },
          "sensitive_attributes": [],
          "private": "eyJlMmJmYjczMC1lY2FhLTExZTYtOGY4OC0zNDM2M2JjN2M0YzAiOnsiY3JlYXRlIjoxMjAwMDAwMDAwMDAwLCJkZWxldGUiOjEyMDAwMDAwMDAwMDAsInVwZGF0ZSI6MTIwMDAwMDAwMDAwMH19",
          "dependencies": [
            "aws_vpc.my_vpc"
          ]
        }
      ]
    },
    {
      "mode": "managed",
      "type": "aws_key_pair",
      "name": "generated_key",
      "provider": "provider[\"registry.terraform.io/hashicorp/aws\"]",
      "instances": [
        {
          "schema_version": 1,
          "attributes": {
            "arn": "arn:aws:ec2:us-west-2:108651951537:key-pair/eks_key",
            "fingerprint": "0e:b0:e2:f5:17:64:37:2c:0f:e8:39:12:f3:bb:a4:54",
            "id": "eks_key",
            "key_name": "eks_key",
            "key_name_prefix": "",
            "key_pair_id": "key-05830feb2cf1e9849",
            "key_type": "rsa",
            "public_key": "ssh-rsa AAAAB3NzaC1yc2EAAAADAQABAAACAQDhD67SzqLsu3URFtZbNNGOYK1Ueho9+s/Z8eNKWmpgnNC2WtkD1IOjuFa6vfSa3GDU/tWQeub8TI8KlRz30sZJnVQx6Wx7MlV0wm5uwhGEFOkY5M1+uUmp3+Y4APfprVwMoTbyLspbJvw9Gbbpdyht29fC5sSCQcuPSwT4q1nH6uxUMChkIX0sc9ULwu2+neM4gykqkNdPCVlFqa9LbikcyIFW1FmobJf8hLOoUoDZ89V6LLZyqyi1O3I1h8UAr5oNpX6Y32/PbHdbrMVJX8Mmu45RYvRqHp7rsAhdDi31lFHxIqOeSYUttiIccG4VCEHYH7cg9ptUlSLrVcLWmD5qzu6oS/ZhqwTcgtQuPpm6o9id73SGM9iuL+ppfvhJfYM3PWaC/1CmC21cH98KKX2JHzxUT+Fuj7TV0iEyQlVnNukYnrI2Wr7EeL072ulauLuol6koJ+NKfT3/v4x3XFHLKtbyuFByDRPDJXwTuFh9P+kDdvQcGyq0rM+SN2eIZ2ka8IH+I15fWyVwb+irkxp46KKOeQ2FfuHIgjlNdRT8g7LG+HaD7pbTFcdezeLPjSCnXGqNnFGKxGmSZDo7cmraFxoHNdvfWLPHauiLA5i2j83tDouCiZwBnBovwqD+zcdllSDNEDJnvQf/aT5Dgdzz2GbhPgvJNP7nk3zB/5Du/Q==",
            "tags": null,
            "tags_all": {}
          },
          "sensitive_attributes": [],
          "private": "eyJzY2hlbWFfdmVyc2lvbiI6IjEifQ==",
          "dependencies": [
            "tls_private_key.rsa"
          ]
        }
      ]
    },
    {
      "mode": "managed",
      "type": "aws_nat_gateway",
      "name": "my_nat_gateway",
      "provider": "provider[\"registry.terraform.io/hashicorp/aws\"]",
      "instances": [
        {
          "schema_version": 0,
          "attributes": {
            "allocation_id": "eipalloc-0798de843b2db6cb7",
            "association_id": "eipassoc-09a0ab3c24d5ccf73",
            "connectivity_type": "public",
            "id": "nat-082a0e112013b1112",
            "network_interface_id": "eni-0a89e608b469c5f53",
            "private_ip": "10.0.0.7",
            "public_ip": "52.27.12.140",
            "secondary_allocation_ids": null,
            "secondary_private_ip_address_count": 0,
            "secondary_private_ip_addresses": [],
            "subnet_id": "subnet-0224bee8d88bdfe37",
            "tags": {
              "Name": "dev-NATGateway"
            },
            "tags_all": {
              "Name": "dev-NATGateway"
            },
            "timeouts": null
          },
          "sensitive_attributes": [],
          "private": "eyJlMmJmYjczMC1lY2FhLTExZTYtOGY4OC0zNDM2M2JjN2M0YzAiOnsiY3JlYXRlIjo2MDAwMDAwMDAwMDAsImRlbGV0ZSI6MTgwMDAwMDAwMDAwMCwidXBkYXRlIjo2MDAwMDAwMDAwMDB9fQ==",
          "dependencies": [
            "aws_eip.my_eip",
            "aws_subnet.public_subnet_1",
            "aws_vpc.my_vpc"
          ]
        }
      ]
    },
    {
      "mode": "managed",
      "type": "aws_route",
      "name": "private_subnet_nat_route",
      "provider": "provider[\"registry.terraform.io/hashicorp/aws\"]",
      "instances": [
        {
          "schema_version": 0,
          "attributes": {
            "carrier_gateway_id": "",
            "core_network_arn": "",
            "destination_cidr_block": "0.0.0.0/0",
            "destination_ipv6_cidr_block": "",
            "destination_prefix_list_id": "",
            "egress_only_gateway_id": "",
            "gateway_id": "",
            "id": "r-rtb-09bfb00279ac76d491080289494",
            "instance_id": "",
            "instance_owner_id": "",
            "local_gateway_id": "",
            "nat_gateway_id": "nat-082a0e112013b1112",
            "network_interface_id": "",
            "origin": "CreateRoute",
            "route_table_id": "rtb-09bfb00279ac76d49",
            "state": "active",
            "timeouts": null,
            "transit_gateway_id": "",
            "vpc_endpoint_id": "",
            "vpc_peering_connection_id": ""
          },
          "sensitive_attributes": [],
          "private": "eyJlMmJmYjczMC1lY2FhLTExZTYtOGY4OC0zNDM2M2JjN2M0YzAiOnsiY3JlYXRlIjozMDAwMDAwMDAwMDAsImRlbGV0ZSI6MzAwMDAwMDAwMDAwLCJ1cGRhdGUiOjEyMDAwMDAwMDAwMH19",
          "dependencies": [
            "aws_eip.my_eip",
            "aws_nat_gateway.my_nat_gateway",
            "aws_route_table.private_route_table",
            "aws_subnet.public_subnet_1",
            "aws_vpc.my_vpc"
          ]
        }
      ]
    },
    {
      "mode": "managed",
      "type": "aws_route_table",
      "name": "private_route_table",
      "provider": "provider[\"registry.terraform.io/hashicorp/aws\"]",
      "instances": [
        {
          "schema_version": 0,
          "attributes": {
            "arn": "arn:aws:ec2:us-west-2:108651951537:route-table/rtb-09bfb00279ac76d49",
            "id": "rtb-09bfb00279ac76d49",
            "owner_id": "108651951537",
            "propagating_vgws": [],
            "route": [],
            "tags": {
              "Name": "dev-Private Route Table"
            },
            "tags_all": {
              "Name": "dev-Private Route Table"
            },
            "timeouts": null,
            "vpc_id": "vpc-0b4c0a33775a41afc"
          },
          "sensitive_attributes": [],
          "private": "eyJlMmJmYjczMC1lY2FhLTExZTYtOGY4OC0zNDM2M2JjN2M0YzAiOnsiY3JlYXRlIjozMDAwMDAwMDAwMDAsImRlbGV0ZSI6MzAwMDAwMDAwMDAwLCJ1cGRhdGUiOjEyMDAwMDAwMDAwMH19",
          "dependencies": [
            "aws_vpc.my_vpc"
          ]
        }
      ]
    },
    {
      "mode": "managed",
      "type": "aws_route_table",
      "name": "public_route_table",
      "provider": "provider[\"registry.terraform.io/hashicorp/aws\"]",
      "instances": [
        {
          "schema_version": 0,
          "attributes": {
            "arn": "arn:aws:ec2:us-west-2:108651951537:route-table/rtb-044c168e84b6afa15",
            "id": "rtb-044c168e84b6afa15",
            "owner_id": "108651951537",
            "propagating_vgws": [],
            "route": [
              {
                "carrier_gateway_id": "",
                "cidr_block": "0.0.0.0/0",
                "core_network_arn": "",
                "destination_prefix_list_id": "",
                "egress_only_gateway_id": "",
                "gateway_id": "igw-0f7ec26d7d6eb70c7",
                "ipv6_cidr_block": "",
                "local_gateway_id": "",
                "nat_gateway_id": "",
                "network_interface_id": "",
                "transit_gateway_id": "",
                "vpc_endpoint_id": "",
                "vpc_peering_connection_id": ""
              }
            ],
            "tags": {
              "Name": "dev-Public Route Table"
            },
            "tags_all": {
              "Name": "dev-Public Route Table"
            },
            "timeouts": null,
            "vpc_id": "vpc-0b4c0a33775a41afc"
          },
          "sensitive_attributes": [],
          "private": "eyJlMmJmYjczMC1lY2FhLTExZTYtOGY4OC0zNDM2M2JjN2M0YzAiOnsiY3JlYXRlIjozMDAwMDAwMDAwMDAsImRlbGV0ZSI6MzAwMDAwMDAwMDAwLCJ1cGRhdGUiOjEyMDAwMDAwMDAwMH19",
          "dependencies": [
            "aws_internet_gateway.my_igw",
            "aws_vpc.my_vpc"
          ]
        }
      ]
    },
    {
      "mode": "managed",
      "type": "aws_route_table_association",
      "name": "private_subnet_association_1",
      "provider": "provider[\"registry.terraform.io/hashicorp/aws\"]",
      "instances": [
        {
          "schema_version": 0,
          "attributes": {
            "gateway_id": "",
            "id": "rtbassoc-0fc06f36f4b44af52",
            "route_table_id": "rtb-09bfb00279ac76d49",
            "subnet_id": "subnet-052bb8479d0a71fb9",
            "timeouts": null
          },
          "sensitive_attributes": [],
          "private": "eyJlMmJmYjczMC1lY2FhLTExZTYtOGY4OC0zNDM2M2JjN2M0YzAiOnsiY3JlYXRlIjozMDAwMDAwMDAwMDAsImRlbGV0ZSI6MzAwMDAwMDAwMDAwLCJ1cGRhdGUiOjEyMDAwMDAwMDAwMH19",
          "dependencies": [
            "aws_route_table.private_route_table",
            "aws_subnet.private_subnet_1",
            "aws_vpc.my_vpc"
          ]
        }
      ]
    },
    {
      "mode": "managed",
      "type": "aws_route_table_association",
      "name": "private_subnet_association_2",
      "provider": "provider[\"registry.terraform.io/hashicorp/aws\"]",
      "instances": [
        {
          "schema_version": 0,
          "attributes": {
            "gateway_id": "",
            "id": "rtbassoc-099a42f49cab93a48",
            "route_table_id": "rtb-09bfb00279ac76d49",
            "subnet_id": "subnet-09c01805c871dbd9b",
            "timeouts": null
          },
          "sensitive_attributes": [],
          "private": "eyJlMmJmYjczMC1lY2FhLTExZTYtOGY4OC0zNDM2M2JjN2M0YzAiOnsiY3JlYXRlIjozMDAwMDAwMDAwMDAsImRlbGV0ZSI6MzAwMDAwMDAwMDAwLCJ1cGRhdGUiOjEyMDAwMDAwMDAwMH19",
          "dependencies": [
            "aws_route_table.private_route_table",
            "aws_subnet.private_subnet_2",
            "aws_vpc.my_vpc"
          ]
        }
      ]
    },
    {
      "mode": "managed",
      "type": "aws_route_table_association",
      "name": "public_subnet_association_1",
      "provider": "provider[\"registry.terraform.io/hashicorp/aws\"]",
      "instances": [
        {
          "schema_version": 0,
          "attributes": {
            "gateway_id": "",
            "id": "rtbassoc-0f6b045abd51f2e1a",
            "route_table_id": "rtb-044c168e84b6afa15",
            "subnet_id": "subnet-0224bee8d88bdfe37",
            "timeouts": null
          },
          "sensitive_attributes": [],
          "private": "eyJlMmJmYjczMC1lY2FhLTExZTYtOGY4OC0zNDM2M2JjN2M0YzAiOnsiY3JlYXRlIjozMDAwMDAwMDAwMDAsImRlbGV0ZSI6MzAwMDAwMDAwMDAwLCJ1cGRhdGUiOjEyMDAwMDAwMDAwMH19",
          "dependencies": [
            "aws_internet_gateway.my_igw",
            "aws_route_table.public_route_table",
            "aws_subnet.public_subnet_1",
            "aws_vpc.my_vpc"
          ]
        }
      ]
    },
    {
      "mode": "managed",
      "type": "aws_route_table_association",
      "name": "public_subnet_association_2",
      "provider": "provider[\"registry.terraform.io/hashicorp/aws\"]",
      "instances": [
        {
          "schema_version": 0,
          "attributes": {
            "gateway_id": "",
            "id": "rtbassoc-0857a0554a6f145ba",
            "route_table_id": "rtb-044c168e84b6afa15",
            "subnet_id": "subnet-09226488d267cb4be",
            "timeouts": null
          },
          "sensitive_attributes": [],
          "private": "eyJlMmJmYjczMC1lY2FhLTExZTYtOGY4OC0zNDM2M2JjN2M0YzAiOnsiY3JlYXRlIjozMDAwMDAwMDAwMDAsImRlbGV0ZSI6MzAwMDAwMDAwMDAwLCJ1cGRhdGUiOjEyMDAwMDAwMDAwMH19",
          "dependencies": [
            "aws_internet_gateway.my_igw",
            "aws_route_table.public_route_table",
            "aws_subnet.public_subnet_2",
            "aws_vpc.my_vpc"
          ]
        }
      ]
    },
    {
      "mode": "managed",
      "type": "aws_security_group",
      "name": "eks_devops_sg",
      "provider": "provider[\"registry.terraform.io/hashicorp/aws\"]",
      "instances": [
        {
          "schema_version": 1,
          "attributes": {
            "arn": "arn:aws:ec2:us-west-2:108651951537:security-group/sg-0c3d65f5dffa525d0",
            "description": "this is for ec2 to ssh from putty",
            "egress": [
              {
                "cidr_blocks": [
                  "0.0.0.0/0"
                ],
                "description": "",
                "from_port": 0,
                "ipv6_cidr_blocks": [],
                "prefix_list_ids": [],
                "protocol": "-1",
                "security_groups": [],
                "self": false,
                "to_port": 0
              }
            ],
            "id": "sg-0c3d65f5dffa525d0",
            "ingress": [
              {
                "cidr_blocks": [
                  "0.0.0.0/0"
                ],
                "description": "HTTPS ingress",
                "from_port": 22,
                "ipv6_cidr_blocks": [],
                "prefix_list_ids": [],
                "protocol": "tcp",
                "security_groups": [],
                "self": false,
                "to_port": 22
              },
              {
                "cidr_blocks": [
                  "0.0.0.0/0"
                ],
                "description": "HTTPS ingress",
                "from_port": 443,
                "ipv6_cidr_blocks": [],
                "prefix_list_ids": [],
                "protocol": "tcp",
                "security_groups": [],
                "self": false,
                "to_port": 443
              },
              {
                "cidr_blocks": [
                  "0.0.0.0/0"
                ],
                "description": "HTTPS ingress",
                "from_port": 80,
                "ipv6_cidr_blocks": [],
                "prefix_list_ids": [],
                "protocol": "tcp",
                "security_groups": [],
                "self": false,
                "to_port": 80
              }
            ],
            "name": "eks-tools-sg",
            "name_prefix": "",
            "owner_id": "108651951537",
            "revoke_rules_on_delete": false,
            "tags": {
              "Name": "eks-tools-sg"
            },
            "tags_all": {
              "Name": "eks-tools-sg"
            },
            "timeouts": null,
            "vpc_id": "vpc-0b4c0a33775a41afc"
          },
          "sensitive_attributes": [],
          "private": "eyJlMmJmYjczMC1lY2FhLTExZTYtOGY4OC0zNDM2M2JjN2M0YzAiOnsiY3JlYXRlIjo2MDAwMDAwMDAwMDAsImRlbGV0ZSI6OTAwMDAwMDAwMDAwfSwic2NoZW1hX3ZlcnNpb24iOiIxIn0=",
          "dependencies": [
            "aws_vpc.my_vpc"
          ]
        }
      ]
    },
    {
      "mode": "managed",
      "type": "aws_subnet",
      "name": "private_subnet_1",
      "provider": "provider[\"registry.terraform.io/hashicorp/aws\"]",
      "instances": [
        {
          "schema_version": 1,
          "attributes": {
            "arn": "arn:aws:ec2:us-west-2:108651951537:subnet/subnet-052bb8479d0a71fb9",
            "assign_ipv6_address_on_creation": false,
            "availability_zone": "us-west-2a",
            "availability_zone_id": "usw2-az1",
            "cidr_block": "10.0.2.0/24",
            "customer_owned_ipv4_pool": "",
            "enable_dns64": false,
            "enable_lni_at_device_index": 0,
            "enable_resource_name_dns_a_record_on_launch": false,
            "enable_resource_name_dns_aaaa_record_on_launch": false,
            "id": "subnet-052bb8479d0a71fb9",
            "ipv6_cidr_block": "",
            "ipv6_cidr_block_association_id": "",
            "ipv6_native": false,
            "map_customer_owned_ip_on_launch": false,
            "map_public_ip_on_launch": false,
            "outpost_arn": "",
            "owner_id": "108651951537",
            "private_dns_hostname_type_on_launch": "ip-name",
            "tags": {
              "Name": "dev-private_subnet_1",
              "Subnet-Type": "private"
            },
            "tags_all": {
              "Name": "dev-private_subnet_1",
              "Subnet-Type": "private"
            },
            "timeouts": null,
            "vpc_id": "vpc-0b4c0a33775a41afc"
          },
          "sensitive_attributes": [],
          "private": "eyJlMmJmYjczMC1lY2FhLTExZTYtOGY4OC0zNDM2M2JjN2M0YzAiOnsiY3JlYXRlIjo2MDAwMDAwMDAwMDAsImRlbGV0ZSI6MTIwMDAwMDAwMDAwMH0sInNjaGVtYV92ZXJzaW9uIjoiMSJ9",
          "dependencies": [
            "aws_vpc.my_vpc"
          ]
        }
      ]
    },
    {
      "mode": "managed",
      "type": "aws_subnet",
      "name": "private_subnet_2",
      "provider": "provider[\"registry.terraform.io/hashicorp/aws\"]",
      "instances": [
        {
          "schema_version": 1,
          "attributes": {
            "arn": "arn:aws:ec2:us-west-2:108651951537:subnet/subnet-09c01805c871dbd9b",
            "assign_ipv6_address_on_creation": false,
            "availability_zone": "us-west-2b",
            "availability_zone_id": "usw2-az2",
            "cidr_block": "10.0.3.0/24",
            "customer_owned_ipv4_pool": "",
            "enable_dns64": false,
            "enable_lni_at_device_index": 0,
            "enable_resource_name_dns_a_record_on_launch": false,
            "enable_resource_name_dns_aaaa_record_on_launch": false,
            "id": "subnet-09c01805c871dbd9b",
            "ipv6_cidr_block": "",
            "ipv6_cidr_block_association_id": "",
            "ipv6_native": false,
            "map_customer_owned_ip_on_launch": false,
            "map_public_ip_on_launch": false,
            "outpost_arn": "",
            "owner_id": "108651951537",
            "private_dns_hostname_type_on_launch": "ip-name",
            "tags": {
              "Name": "dev-private_subnet_2",
              "Subnet-Type": "private"
            },
            "tags_all": {
              "Name": "dev-private_subnet_2",
              "Subnet-Type": "private"
            },
            "timeouts": null,
            "vpc_id": "vpc-0b4c0a33775a41afc"
          },
          "sensitive_attributes": [],
          "private": "eyJlMmJmYjczMC1lY2FhLTExZTYtOGY4OC0zNDM2M2JjN2M0YzAiOnsiY3JlYXRlIjo2MDAwMDAwMDAwMDAsImRlbGV0ZSI6MTIwMDAwMDAwMDAwMH0sInNjaGVtYV92ZXJzaW9uIjoiMSJ9",
          "dependencies": [
            "aws_vpc.my_vpc"
          ]
        }
      ]
    },
    {
      "mode": "managed",
      "type": "aws_subnet",
      "name": "public_subnet_1",
      "provider": "provider[\"registry.terraform.io/hashicorp/aws\"]",
      "instances": [
        {
          "schema_version": 1,
          "attributes": {
            "arn": "arn:aws:ec2:us-west-2:108651951537:subnet/subnet-0224bee8d88bdfe37",
            "assign_ipv6_address_on_creation": false,
            "availability_zone": "us-west-2a",
            "availability_zone_id": "usw2-az1",
            "cidr_block": "10.0.0.0/24",
            "customer_owned_ipv4_pool": "",
            "enable_dns64": false,
            "enable_lni_at_device_index": 0,
            "enable_resource_name_dns_a_record_on_launch": false,
            "enable_resource_name_dns_aaaa_record_on_launch": false,
            "id": "subnet-0224bee8d88bdfe37",
            "ipv6_cidr_block": "",
            "ipv6_cidr_block_association_id": "",
            "ipv6_native": false,
            "map_customer_owned_ip_on_launch": false,
            "map_public_ip_on_launch": false,
            "outpost_arn": "",
            "owner_id": "108651951537",
            "private_dns_hostname_type_on_launch": "ip-name",
            "tags": {
              "Name": "dev-public_subnet_1",
              "Subnet-Type": "public"
            },
            "tags_all": {
              "Name": "dev-public_subnet_1",
              "Subnet-Type": "public"
            },
            "timeouts": null,
            "vpc_id": "vpc-0b4c0a33775a41afc"
          },
          "sensitive_attributes": [],
          "private": "eyJlMmJmYjczMC1lY2FhLTExZTYtOGY4OC0zNDM2M2JjN2M0YzAiOnsiY3JlYXRlIjo2MDAwMDAwMDAwMDAsImRlbGV0ZSI6MTIwMDAwMDAwMDAwMH0sInNjaGVtYV92ZXJzaW9uIjoiMSJ9",
          "dependencies": [
            "aws_vpc.my_vpc"
          ]
        }
      ]
    },
    {
      "mode": "managed",
      "type": "aws_subnet",
      "name": "public_subnet_2",
      "provider": "provider[\"registry.terraform.io/hashicorp/aws\"]",
      "instances": [
        {
          "schema_version": 1,
          "attributes": {
            "arn": "arn:aws:ec2:us-west-2:108651951537:subnet/subnet-09226488d267cb4be",
            "assign_ipv6_address_on_creation": false,
            "availability_zone": "us-west-2b",
            "availability_zone_id": "usw2-az2",
            "cidr_block": "10.0.1.0/24",
            "customer_owned_ipv4_pool": "",
            "enable_dns64": false,
            "enable_lni_at_device_index": 0,
            "enable_resource_name_dns_a_record_on_launch": false,
            "enable_resource_name_dns_aaaa_record_on_launch": false,
            "id": "subnet-09226488d267cb4be",
            "ipv6_cidr_block": "",
            "ipv6_cidr_block_association_id": "",
            "ipv6_native": false,
            "map_customer_owned_ip_on_launch": false,
            "map_public_ip_on_launch": false,
            "outpost_arn": "",
            "owner_id": "108651951537",
            "private_dns_hostname_type_on_launch": "ip-name",
            "tags": {
              "Name": "dev-public_subnet_2",
              "Subnet-Type": "public"
            },
            "tags_all": {
              "Name": "dev-public_subnet_2",
              "Subnet-Type": "public"
            },
            "timeouts": null,
            "vpc_id": "vpc-0b4c0a33775a41afc"
          },
          "sensitive_attributes": [],
          "private": "eyJlMmJmYjczMC1lY2FhLTExZTYtOGY4OC0zNDM2M2JjN2M0YzAiOnsiY3JlYXRlIjo2MDAwMDAwMDAwMDAsImRlbGV0ZSI6MTIwMDAwMDAwMDAwMH0sInNjaGVtYV92ZXJzaW9uIjoiMSJ9",
          "dependencies": [
            "aws_vpc.my_vpc"
          ]
        }
      ]
    },
    {
      "mode": "managed",
      "type": "aws_vpc",
      "name": "my_vpc",
      "provider": "provider[\"registry.terraform.io/hashicorp/aws\"]",
      "instances": [
        {
          "schema_version": 1,
          "attributes": {
            "arn": "arn:aws:ec2:us-west-2:108651951537:vpc/vpc-0b4c0a33775a41afc",
            "assign_generated_ipv6_cidr_block": false,
            "cidr_block": "10.0.0.0/16",
            "default_network_acl_id": "acl-08c8b5f557bf3a756",
            "default_route_table_id": "rtb-043f6b30edc8d802a",
            "default_security_group_id": "sg-052d63833cb2e9789",
            "dhcp_options_id": "dopt-78680b00",
            "enable_dns_hostnames": false,
            "enable_dns_support": true,
            "enable_network_address_usage_metrics": false,
            "id": "vpc-0b4c0a33775a41afc",
            "instance_tenancy": "default",
            "ipv4_ipam_pool_id": null,
            "ipv4_netmask_length": null,
            "ipv6_association_id": "",
            "ipv6_cidr_block": "",
            "ipv6_cidr_block_network_border_group": "",
            "ipv6_ipam_pool_id": "",
            "ipv6_netmask_length": 0,
            "main_route_table_id": "rtb-043f6b30edc8d802a",
            "owner_id": "108651951537",
            "tags": {
              "Name": "main-vpc"
            },
            "tags_all": {
              "Name": "main-vpc"
            }
          },
          "sensitive_attributes": [],
          "private": "eyJzY2hlbWFfdmVyc2lvbiI6IjEifQ=="
        }
      ]
    },
    {
      "mode": "managed",
      "type": "local_file",
      "name": "tf-key",
      "provider": "provider[\"registry.terraform.io/hashicorp/local\"]",
      "instances": [
        {
          "schema_version": 0,
          "attributes": {
            "content": "-----BEGIN RSA PRIVATE KEY-----\nMIIJKAIBAAKCAgEA4Q+u0s6i7Lt1ERbWWzTRjmCtVHoaPfrP2fHjSlpqYJzQtlrZ\nA9SDo7hWur30mtxg1P7VkHrm/EyPCpUc99LGSZ1UMelsezJVdMJubsIRhBTpGOTN\nfrlJqd/mOAD36a1cDKE28i7KWyb8PRm26XcobdvXwubEgkHLj0sE+KtZx+rsVDAo\nZCF9LHPVC8Ltvp3jOIMpKpDXTwlZRamvS24pHMiBVtRZqGyX/ISzqFKA2fPVeiy2\ncqsotTtyNYfFAK+aDaV+mN9vz2x3W6zFSV/DJruOUWL0ah6e67AIXQ4t9ZRR8SKj\nnkmFLbYiHHBuFQhB2B+3IPabVJUi61XC1pg+as7uqEv2YasE3ILULj6ZuqPYne90\nhjPYri/qaX74SX2DNz1mgv9QpgttXB/fCil9iR88VE/hbo+01dIhMkJVZzbpGJ6y\nNlq+xHi9O9rpWri7qJepKCfjSn09/7+Md1xRyyrW8rhQcg0TwyV8E7hYfT/pA3b0\nHBsqtKzPkjdniGdpGvCB/iNeX1slcG/oq5MaeOiijnkNhX7hyII5TXUU/IOyxvh2\ng+6W0xXHXs3iz40gp1xqjZxRisRpkmQ6O3Jq2hcaBzXb31izx2roiwOYto/N7Q6L\ngomcAZwaL8Kg/s3HZZUgzRAyZ70H/2k+Q4Hc89hm4T4LyTT+55N8wf+Q7v0CAwEA\nAQKCAgAPC3pXU0Lm6l0YCFvJ+wzrJKFRnVv1urd8TUQxazvjO3hkSExriiBGqIL7\ntskMNSEv+90Q7HZWdVO2lGM8WdWxhBflwkHjNmkqBflV5BlBqBgw9tKZ3w8CkRoV\nslLgRxt5KKnApMoYL9H6z6Y/kxybw2938u89+eH+sTgi22mECLtFoXaBww9YEmIy\niBRWgr12wKXW15ndCbXzBzXVqAaNiwXCZS2dKa07Ty+nV+SPLVKe+TA1GCX/f3rS\nA0JzGkoFEYQV+hHCXvDXqwQBNKqaAz2vSRsnoOZkwP6+Ib2GxiR4JyWi5i1F8f/z\nwLxLIaMtLGmUhYe6rsGH09LTf5fkcdEOdBkGpUColmQtFEzx/ufcQjFojkTih0f6\nwtayMG7Nvhghn3ub5aFI0BkHvNs1o6ExtcyQ6fktwbQE3KKC2zJsC9V6aBu9klL0\nOoIuYzcwvMxMN1hI7rWDP/R750on3BdEY8wIlrLFgwGdRM/snoajm0pt7o+SW3k1\ns+gb2VMHpR8vVQfClkqE12/b2gBaWfIrqR/BzY7WrgTjltkInJXuNR1Eiw3pmIyv\nyY1LgYQWb5D3VE2TyK14omj+PQuLSgHHqqewwiBFYwHdLv3p7u9f7aASdfiBDevG\nEPS9PMa630iO7DTJLObTR+JNn7NBTVWbpKADDA7jFn/VJYDYAQKCAQEA5FAP0ln0\nT1f31zaA7utXf+2qgbkKzr+9iV4PUVrG1tuqSo8euPIQMOXjhET4/ykQd6L2Veht\nDPd2v9GfK1TpusW9kISlgxIUE/ixcXQloIhTdh9Z4aNkiar1nCRSQfLAwN03nONl\nXMFRIkFdl1ObQMANv8C/TsP7pbRlZtUFKcCHxAxy+Ruwn/o8smCuoKmZqxx2ch8q\njuQrw/eHfrLm1QPTkaIrBH+sQX0LuIoqm7zZBvQaiNdJE1v0zBt2M5rTy85IbNFy\nejnIaYqK1P/gD7qymmZ2Yl/0Y8dKbP3fyOuCIxelCCfxQTdcBLBU5V9KiB9uQ6RB\nEClctrWRRugSAQKCAQEA/Fqt6U8iQQL54QnemhEBvUHkLJkFQol+/IicKTS8fkbj\n55Ip6/VSwdv/3EwvFxuz6pMJTkbqVtmrVcHHwl4SrzF7h6HG+gZ2bFVd26wzM5KG\nRlmJz3ttKx6GOaCZwDQzIM78yIqnNE3CI4k7GaUkd+2kND9jDSzgs6//HMgNeII+\nb29DvvhRd5zZSXCn7vs5NiFvT3tccDdU0a6os8pN6xKX1S8OoDP66xApsrRh7hU3\nAnZ0o1kPmUFtr2YUp7bv0r4Ayl0k1Jl2T8VrAhCD8RGZpJYrw31SNLYAOuK+oYXV\n41B+D2usyYhJPvJ3spYHPcK/Gq4jsQWCIhXr+68k/QKCAQAjP5ERwr2LOmOTIGEL\ngd4CbCj02iKnBMc4XAM1ZjRom4VQ+YOevhBt3DAiDZv7mNVoAwrQ/I9JfzMgLjbK\ns9NZ+IlptHDxKWtcIfsTLwFYJXPtOq3fviAZeQFuV9UzRU0o+X5KhHjztwzVow3V\n/RxtBLmaryFaAbvqO02kcKLZbVYImHtvpizAphuU1oRfXY/R8RUATXt+kA+Js7+B\nehFVNcAGLelCSovHmIykswAdByzie/FUyxgHGx1SHbNECFVGk9RuqG9qG12rna4N\ncGuhQgus9sC0M2hBt1TwOsm/9UwkKtRZzADdNrTILIkO2IVjOqcFXmiFHD2qH6IM\nNmwBAoIBAQD118lxb3xpZWLWD21jHopZPCX0JKbxKU4i61tm8U9ondtNMCHTE84p\nug/LKBUAKCbgsZnxPjjxn2DBTOU0v7zoHAbCHaLg1Qbth0TGyz2eUnKpenU9QnsZ\n9MTCw2jFzJS6s6ukGx/FXrNxNzHyS+X5R/QeSlpO7ZeCtkSMX4BwFEKLARQ4qWWE\nZ7NvTmbr9KbJy0zLW9y0HdNt6v/DF6VNC3ILZ6qR+9HIypg01nJJJTXQGmKK+Cqw\nHQOkSoh400lUP3I5swA8dbzC/gq/miNP6NuLchj0e9RoMZ6Lv3YDmYTDzRjiIP3V\n4AWrYz+lJW+shVrzvQ5cWIdseXrKWNhpAoIBADWLhrCKHILdIFYt7+oO45vdutY1\nG6q6lCLlF5gaZd5HS4M4nBD/o1xKh5gJGRH2LRQmHrpak6oty0L30LudiGmXi69h\nOw52tHfKbyDwA8Z4/X4nEa4az/WqzX5Od1VrWjwSXGp1kQRO/lSgfwYkTpbsrmPz\nP7b6gO2tzOZRPGW6o6EYzXwmYDCPnhQ6rXi3T8o+nfvwQnLoJQNnY4M56gTG/sa4\n9Fd+5+Aokie5KDQlS3Dqr9q7QSFrVK8oaRmlI8VymFIaWy78t9+tWz69/SZ1/Ksd\n0CjJI2A427XFqmX3jn8hFTLfRk+jYQkh9GMpjbfjdWEZ39VrdjKB/43WuXs=\n-----END RSA PRIVATE KEY-----\n",
            "content_base64": null,
            "content_base64sha256": "b9pNZvMuW8tI7SD/EfL7A42dMsrM5pkINMmISUVTUVk=",
            "content_base64sha512": "ovltjI8d/0afA963Y5RQkCNfMqXt4DfTqgCtpUDXK+vTybIm9an/akP4b2fR07XaO7T0xQEaJ+LbLkWvjXuogw==",
            "content_md5": "c0f9323e2b207e4268569a88fb3b949c",
            "content_sha1": "d5428af4571556b59b0cee8a2441169c06ccfbf6",
            "content_sha256": "6fda4d66f32e5bcb48ed20ff11f2fb038d9d32cacce6990834c9884945535159",
            "content_sha512": "a2f96d8c8f1dff469f03deb763945090235f32a5ede037d3aa00ada540d72bebd3c9b226f5a9ff6a43f86f67d1d3b5da3bb4f4c5011a27e2db2e45af8d7ba883",
            "directory_permission": "0777",
            "file_permission": "0777",
            "filename": "eks_key.pem",
            "id": "d5428af4571556b59b0cee8a2441169c06ccfbf6",
            "sensitive_content": null,
            "source": null
          },
          "sensitive_attributes": [
            [
              {
                "type": "get_attr",
                "value": "content"
              }
            ]
          ],
          "dependencies": [
            "tls_private_key.rsa"
          ]
        }
      ]
    },
    {
      "mode": "managed",
      "type": "null_resource",
      "name": "execute_script_default_installations",
      "provider": "provider[\"registry.terraform.io/hashicorp/null\"]",
      "instances": [
        {
          "schema_version": 0,
          "attributes": {
            "id": "8158456166339618745",
            "triggers": null
          },
          "sensitive_attributes": [],
          "dependencies": [
            "aws_key_pair.generated_key",
            "tls_private_key.rsa"
          ]
        }
      ]
    },
    {
      "mode": "managed",
      "type": "tls_private_key",
      "name": "rsa",
      "provider": "provider[\"registry.terraform.io/hashicorp/tls\"]",
      "instances": [
        {
          "schema_version": 1,
          "attributes": {
            "algorithm": "RSA",
            "ecdsa_curve": "P224",
            "id": "782eab6d524cdd757f6fba23b21f4d7b3bbc399f",
            "private_key_openssh": "-----BEGIN OPENSSH PRIVATE KEY-----\nb3BlbnNzaC1rZXktdjEAAAAABG5vbmUAAAAEbm9uZQAAAAAAAAABAAACFwAAAAdz\nc2gtcnNhAAAAAwEAAQAAAgEA4Q+u0s6i7Lt1ERbWWzTRjmCtVHoaPfrP2fHjSlpq\nYJzQtlrZA9SDo7hWur30mtxg1P7VkHrm/EyPCpUc99LGSZ1UMelsezJVdMJubsIR\nhBTpGOTNfrlJqd/mOAD36a1cDKE28i7KWyb8PRm26XcobdvXwubEgkHLj0sE+KtZ\nx+rsVDAoZCF9LHPVC8Ltvp3jOIMpKpDXTwlZRamvS24pHMiBVtRZqGyX/ISzqFKA\n2fPVeiy2cqsotTtyNYfFAK+aDaV+mN9vz2x3W6zFSV/DJruOUWL0ah6e67AIXQ4t\n9ZRR8SKjnkmFLbYiHHBuFQhB2B+3IPabVJUi61XC1pg+as7uqEv2YasE3ILULj6Z\nuqPYne90hjPYri/qaX74SX2DNz1mgv9QpgttXB/fCil9iR88VE/hbo+01dIhMkJV\nZzbpGJ6yNlq+xHi9O9rpWri7qJepKCfjSn09/7+Md1xRyyrW8rhQcg0TwyV8E7hY\nfT/pA3b0HBsqtKzPkjdniGdpGvCB/iNeX1slcG/oq5MaeOiijnkNhX7hyII5TXUU\n/IOyxvh2g+6W0xXHXs3iz40gp1xqjZxRisRpkmQ6O3Jq2hcaBzXb31izx2roiwOY\nto/N7Q6LgomcAZwaL8Kg/s3HZZUgzRAyZ70H/2k+Q4Hc89hm4T4LyTT+55N8wf+Q\n7v0AAAc4LwZzGS8GcxkAAAAHc3NoLXJzYQAAAgEA4Q+u0s6i7Lt1ERbWWzTRjmCt\nVHoaPfrP2fHjSlpqYJzQtlrZA9SDo7hWur30mtxg1P7VkHrm/EyPCpUc99LGSZ1U\nMelsezJVdMJubsIRhBTpGOTNfrlJqd/mOAD36a1cDKE28i7KWyb8PRm26XcobdvX\nwubEgkHLj0sE+KtZx+rsVDAoZCF9LHPVC8Ltvp3jOIMpKpDXTwlZRamvS24pHMiB\nVtRZqGyX/ISzqFKA2fPVeiy2cqsotTtyNYfFAK+aDaV+mN9vz2x3W6zFSV/DJruO\nUWL0ah6e67AIXQ4t9ZRR8SKjnkmFLbYiHHBuFQhB2B+3IPabVJUi61XC1pg+as7u\nqEv2YasE3ILULj6ZuqPYne90hjPYri/qaX74SX2DNz1mgv9QpgttXB/fCil9iR88\nVE/hbo+01dIhMkJVZzbpGJ6yNlq+xHi9O9rpWri7qJepKCfjSn09/7+Md1xRyyrW\n8rhQcg0TwyV8E7hYfT/pA3b0HBsqtKzPkjdniGdpGvCB/iNeX1slcG/oq5MaeOii\njnkNhX7hyII5TXUU/IOyxvh2g+6W0xXHXs3iz40gp1xqjZxRisRpkmQ6O3Jq2hca\nBzXb31izx2roiwOYto/N7Q6LgomcAZwaL8Kg/s3HZZUgzRAyZ70H/2k+Q4Hc89hm\n4T4LyTT+55N8wf+Q7v0AAAADAQABAAACAA8LeldTQubqXRgIW8n7DOskoVGdW/W6\nt3xNRDFrO+M7eGRITGuKIEaogvu2yQw1IS/73RDsdlZ1U7aUYzxZ1bGEF+XCQeM2\naSoF+VXkGUGoGDD20pnfDwKRGhWyUuBHG3koqcCkyhgv0frPpj+THJvDb3fy7z35\n4f6xOCLbaYQIu0WhdoHDD1gSYjKIFFaCvXbApdbXmd0JtfMHNdWoBo2LBcJlLZ0p\nrTtPL6dX5I8tUp75MDUYJf9/etIDQnMaSgURhBX6EcJe8NerBAE0qpoDPa9JGyeg\n5mTA/r4hvYbGJHgnJaLmLUXx//PAvEshoy0saZSFh7quwYfT0tN/l+Rx0Q50GQal\nQKiWZC0UTPH+59xCMWiOROKHR/rC1rIwbs2+GCGfe5vloUjQGQe82zWjoTG1zJDp\n+S3BtATcooLbMmwL1XpoG72SUvQ6gi5jNzC8zEw3WEjutYM/9HvnSifcF0RjzAiW\nssWDAZ1Ez+yehqObSm3uj5JbeTWz6BvZUwelHy9VB8KWSoTXb9vaAFpZ8iupH8HN\njtauBOOW2Qicle41HUSLDemYjK/JjUuBhBZvkPdUTZPIrXiiaP49C4tKAceqp7DC\nIEVjAd0u/enu71/toBJ1+IEN68YQ9L08xrrfSI7sNMks5tNH4k2fs0FNVZukoAMM\nDuMWf9UlgNgBAAABADWLhrCKHILdIFYt7+oO45vdutY1G6q6lCLlF5gaZd5HS4M4\nnBD/o1xKh5gJGRH2LRQmHrpak6oty0L30LudiGmXi69hOw52tHfKbyDwA8Z4/X4n\nEa4az/WqzX5Od1VrWjwSXGp1kQRO/lSgfwYkTpbsrmPzP7b6gO2tzOZRPGW6o6EY\nzXwmYDCPnhQ6rXi3T8o+nfvwQnLoJQNnY4M56gTG/sa49Fd+5+Aokie5KDQlS3Dq\nr9q7QSFrVK8oaRmlI8VymFIaWy78t9+tWz69/SZ1/Ksd0CjJI2A427XFqmX3jn8h\nFTLfRk+jYQkh9GMpjbfjdWEZ39VrdjKB/43WuXsAAAEBAORQD9JZ9E9X99c2gO7r\nV3/tqoG5Cs6/vYleD1FaxtbbqkqPHrjyEDDl44RE+P8pEHei9lXobQz3dr/RnytU\n6brFvZCEpYMSFBP4sXF0JaCIU3YfWeGjZImq9ZwkUkHywMDdN5zjZVzBUSJBXZdT\nm0DADb/Av07D+6W0ZWbVBSnAh8QMcvkbsJ/6PLJgrqCpmascdnIfKo7kK8P3h36y\n5tUD05GiKwR/rEF9C7iKKpu82Qb0GojXSRNb9MwbdjOa08vOSGzRcno5yGmKitT/\n4A+6sppmdmJf9GPHSmz938jrgiMXpQgn8UE3XASwVOVfSogfbkOkQRApXLa1kUbo\nEgEAAAEBAPxarelPIkEC+eEJ3poRAb1B5CyZBUKJfvyInCk0vH5G4+eSKev1UsHb\n/9xMLxcbs+qTCU5G6lbZq1XBx8JeEq8xe4ehxvoGdmxVXdusMzOShkZZic97bSse\nhjmgmcA0MyDO/MiKpzRNwiOJOxmlJHftpDQ/Yw0s4LOv/xzIDXiCPm9vQ774UXec\n2Ulwp+77OTYhb097XHA3VNGuqLPKTesSl9UvDqAz+usQKbK0Ye4VNwJ2dKNZD5lB\nba9mFKe279K+AMpdJNSZdk/FawIQg/ERmaSWK8N9UjS2ADrivqGF1eNQfg9rrMmI\nST7yd7KWBz3CvxquI7EFgiIV6/uvJP0AAAAAAQID\n-----END OPENSSH PRIVATE KEY-----\n",
            "private_key_pem": "-----BEGIN RSA PRIVATE KEY-----\nMIIJKAIBAAKCAgEA4Q+u0s6i7Lt1ERbWWzTRjmCtVHoaPfrP2fHjSlpqYJzQtlrZ\nA9SDo7hWur30mtxg1P7VkHrm/EyPCpUc99LGSZ1UMelsezJVdMJubsIRhBTpGOTN\nfrlJqd/mOAD36a1cDKE28i7KWyb8PRm26XcobdvXwubEgkHLj0sE+KtZx+rsVDAo\nZCF9LHPVC8Ltvp3jOIMpKpDXTwlZRamvS24pHMiBVtRZqGyX/ISzqFKA2fPVeiy2\ncqsotTtyNYfFAK+aDaV+mN9vz2x3W6zFSV/DJruOUWL0ah6e67AIXQ4t9ZRR8SKj\nnkmFLbYiHHBuFQhB2B+3IPabVJUi61XC1pg+as7uqEv2YasE3ILULj6ZuqPYne90\nhjPYri/qaX74SX2DNz1mgv9QpgttXB/fCil9iR88VE/hbo+01dIhMkJVZzbpGJ6y\nNlq+xHi9O9rpWri7qJepKCfjSn09/7+Md1xRyyrW8rhQcg0TwyV8E7hYfT/pA3b0\nHBsqtKzPkjdniGdpGvCB/iNeX1slcG/oq5MaeOiijnkNhX7hyII5TXUU/IOyxvh2\ng+6W0xXHXs3iz40gp1xqjZxRisRpkmQ6O3Jq2hcaBzXb31izx2roiwOYto/N7Q6L\ngomcAZwaL8Kg/s3HZZUgzRAyZ70H/2k+Q4Hc89hm4T4LyTT+55N8wf+Q7v0CAwEA\nAQKCAgAPC3pXU0Lm6l0YCFvJ+wzrJKFRnVv1urd8TUQxazvjO3hkSExriiBGqIL7\ntskMNSEv+90Q7HZWdVO2lGM8WdWxhBflwkHjNmkqBflV5BlBqBgw9tKZ3w8CkRoV\nslLgRxt5KKnApMoYL9H6z6Y/kxybw2938u89+eH+sTgi22mECLtFoXaBww9YEmIy\niBRWgr12wKXW15ndCbXzBzXVqAaNiwXCZS2dKa07Ty+nV+SPLVKe+TA1GCX/f3rS\nA0JzGkoFEYQV+hHCXvDXqwQBNKqaAz2vSRsnoOZkwP6+Ib2GxiR4JyWi5i1F8f/z\nwLxLIaMtLGmUhYe6rsGH09LTf5fkcdEOdBkGpUColmQtFEzx/ufcQjFojkTih0f6\nwtayMG7Nvhghn3ub5aFI0BkHvNs1o6ExtcyQ6fktwbQE3KKC2zJsC9V6aBu9klL0\nOoIuYzcwvMxMN1hI7rWDP/R750on3BdEY8wIlrLFgwGdRM/snoajm0pt7o+SW3k1\ns+gb2VMHpR8vVQfClkqE12/b2gBaWfIrqR/BzY7WrgTjltkInJXuNR1Eiw3pmIyv\nyY1LgYQWb5D3VE2TyK14omj+PQuLSgHHqqewwiBFYwHdLv3p7u9f7aASdfiBDevG\nEPS9PMa630iO7DTJLObTR+JNn7NBTVWbpKADDA7jFn/VJYDYAQKCAQEA5FAP0ln0\nT1f31zaA7utXf+2qgbkKzr+9iV4PUVrG1tuqSo8euPIQMOXjhET4/ykQd6L2Veht\nDPd2v9GfK1TpusW9kISlgxIUE/ixcXQloIhTdh9Z4aNkiar1nCRSQfLAwN03nONl\nXMFRIkFdl1ObQMANv8C/TsP7pbRlZtUFKcCHxAxy+Ruwn/o8smCuoKmZqxx2ch8q\njuQrw/eHfrLm1QPTkaIrBH+sQX0LuIoqm7zZBvQaiNdJE1v0zBt2M5rTy85IbNFy\nejnIaYqK1P/gD7qymmZ2Yl/0Y8dKbP3fyOuCIxelCCfxQTdcBLBU5V9KiB9uQ6RB\nEClctrWRRugSAQKCAQEA/Fqt6U8iQQL54QnemhEBvUHkLJkFQol+/IicKTS8fkbj\n55Ip6/VSwdv/3EwvFxuz6pMJTkbqVtmrVcHHwl4SrzF7h6HG+gZ2bFVd26wzM5KG\nRlmJz3ttKx6GOaCZwDQzIM78yIqnNE3CI4k7GaUkd+2kND9jDSzgs6//HMgNeII+\nb29DvvhRd5zZSXCn7vs5NiFvT3tccDdU0a6os8pN6xKX1S8OoDP66xApsrRh7hU3\nAnZ0o1kPmUFtr2YUp7bv0r4Ayl0k1Jl2T8VrAhCD8RGZpJYrw31SNLYAOuK+oYXV\n41B+D2usyYhJPvJ3spYHPcK/Gq4jsQWCIhXr+68k/QKCAQAjP5ERwr2LOmOTIGEL\ngd4CbCj02iKnBMc4XAM1ZjRom4VQ+YOevhBt3DAiDZv7mNVoAwrQ/I9JfzMgLjbK\ns9NZ+IlptHDxKWtcIfsTLwFYJXPtOq3fviAZeQFuV9UzRU0o+X5KhHjztwzVow3V\n/RxtBLmaryFaAbvqO02kcKLZbVYImHtvpizAphuU1oRfXY/R8RUATXt+kA+Js7+B\nehFVNcAGLelCSovHmIykswAdByzie/FUyxgHGx1SHbNECFVGk9RuqG9qG12rna4N\ncGuhQgus9sC0M2hBt1TwOsm/9UwkKtRZzADdNrTILIkO2IVjOqcFXmiFHD2qH6IM\nNmwBAoIBAQD118lxb3xpZWLWD21jHopZPCX0JKbxKU4i61tm8U9ondtNMCHTE84p\nug/LKBUAKCbgsZnxPjjxn2DBTOU0v7zoHAbCHaLg1Qbth0TGyz2eUnKpenU9QnsZ\n9MTCw2jFzJS6s6ukGx/FXrNxNzHyS+X5R/QeSlpO7ZeCtkSMX4BwFEKLARQ4qWWE\nZ7NvTmbr9KbJy0zLW9y0HdNt6v/DF6VNC3ILZ6qR+9HIypg01nJJJTXQGmKK+Cqw\nHQOkSoh400lUP3I5swA8dbzC/gq/miNP6NuLchj0e9RoMZ6Lv3YDmYTDzRjiIP3V\n4AWrYz+lJW+shVrzvQ5cWIdseXrKWNhpAoIBADWLhrCKHILdIFYt7+oO45vdutY1\nG6q6lCLlF5gaZd5HS4M4nBD/o1xKh5gJGRH2LRQmHrpak6oty0L30LudiGmXi69h\nOw52tHfKbyDwA8Z4/X4nEa4az/WqzX5Od1VrWjwSXGp1kQRO/lSgfwYkTpbsrmPz\nP7b6gO2tzOZRPGW6o6EYzXwmYDCPnhQ6rXi3T8o+nfvwQnLoJQNnY4M56gTG/sa4\n9Fd+5+Aokie5KDQlS3Dqr9q7QSFrVK8oaRmlI8VymFIaWy78t9+tWz69/SZ1/Ksd\n0CjJI2A427XFqmX3jn8hFTLfRk+jYQkh9GMpjbfjdWEZ39VrdjKB/43WuXs=\n-----END RSA PRIVATE KEY-----\n",
            "private_key_pem_pkcs8": "-----BEGIN PRIVATE KEY-----\nMIIJQgIBADANBgkqhkiG9w0BAQEFAASCCSwwggkoAgEAAoICAQDhD67SzqLsu3UR\nFtZbNNGOYK1Ueho9+s/Z8eNKWmpgnNC2WtkD1IOjuFa6vfSa3GDU/tWQeub8TI8K\nlRz30sZJnVQx6Wx7MlV0wm5uwhGEFOkY5M1+uUmp3+Y4APfprVwMoTbyLspbJvw9\nGbbpdyht29fC5sSCQcuPSwT4q1nH6uxUMChkIX0sc9ULwu2+neM4gykqkNdPCVlF\nqa9LbikcyIFW1FmobJf8hLOoUoDZ89V6LLZyqyi1O3I1h8UAr5oNpX6Y32/PbHdb\nrMVJX8Mmu45RYvRqHp7rsAhdDi31lFHxIqOeSYUttiIccG4VCEHYH7cg9ptUlSLr\nVcLWmD5qzu6oS/ZhqwTcgtQuPpm6o9id73SGM9iuL+ppfvhJfYM3PWaC/1CmC21c\nH98KKX2JHzxUT+Fuj7TV0iEyQlVnNukYnrI2Wr7EeL072ulauLuol6koJ+NKfT3/\nv4x3XFHLKtbyuFByDRPDJXwTuFh9P+kDdvQcGyq0rM+SN2eIZ2ka8IH+I15fWyVw\nb+irkxp46KKOeQ2FfuHIgjlNdRT8g7LG+HaD7pbTFcdezeLPjSCnXGqNnFGKxGmS\nZDo7cmraFxoHNdvfWLPHauiLA5i2j83tDouCiZwBnBovwqD+zcdllSDNEDJnvQf/\naT5Dgdzz2GbhPgvJNP7nk3zB/5Du/QIDAQABAoICAA8LeldTQubqXRgIW8n7DOsk\noVGdW/W6t3xNRDFrO+M7eGRITGuKIEaogvu2yQw1IS/73RDsdlZ1U7aUYzxZ1bGE\nF+XCQeM2aSoF+VXkGUGoGDD20pnfDwKRGhWyUuBHG3koqcCkyhgv0frPpj+THJvD\nb3fy7z354f6xOCLbaYQIu0WhdoHDD1gSYjKIFFaCvXbApdbXmd0JtfMHNdWoBo2L\nBcJlLZ0prTtPL6dX5I8tUp75MDUYJf9/etIDQnMaSgURhBX6EcJe8NerBAE0qpoD\nPa9JGyeg5mTA/r4hvYbGJHgnJaLmLUXx//PAvEshoy0saZSFh7quwYfT0tN/l+Rx\n0Q50GQalQKiWZC0UTPH+59xCMWiOROKHR/rC1rIwbs2+GCGfe5vloUjQGQe82zWj\noTG1zJDp+S3BtATcooLbMmwL1XpoG72SUvQ6gi5jNzC8zEw3WEjutYM/9HvnSifc\nF0RjzAiWssWDAZ1Ez+yehqObSm3uj5JbeTWz6BvZUwelHy9VB8KWSoTXb9vaAFpZ\n8iupH8HNjtauBOOW2Qicle41HUSLDemYjK/JjUuBhBZvkPdUTZPIrXiiaP49C4tK\nAceqp7DCIEVjAd0u/enu71/toBJ1+IEN68YQ9L08xrrfSI7sNMks5tNH4k2fs0FN\nVZukoAMMDuMWf9UlgNgBAoIBAQDkUA/SWfRPV/fXNoDu61d/7aqBuQrOv72JXg9R\nWsbW26pKjx648hAw5eOERPj/KRB3ovZV6G0M93a/0Z8rVOm6xb2QhKWDEhQT+LFx\ndCWgiFN2H1nho2SJqvWcJFJB8sDA3Tec42VcwVEiQV2XU5tAwA2/wL9Ow/ultGVm\n1QUpwIfEDHL5G7Cf+jyyYK6gqZmrHHZyHyqO5CvD94d+subVA9ORoisEf6xBfQu4\niiqbvNkG9BqI10kTW/TMG3YzmtPLzkhs0XJ6OchpiorU/+APurKaZnZiX/Rjx0ps\n/d/I64IjF6UIJ/FBN1wEsFTlX0qIH25DpEEQKVy2tZFG6BIBAoIBAQD8Wq3pTyJB\nAvnhCd6aEQG9QeQsmQVCiX78iJwpNLx+RuPnkinr9VLB2//cTC8XG7PqkwlORupW\n2atVwcfCXhKvMXuHocb6BnZsVV3brDMzkoZGWYnPe20rHoY5oJnANDMgzvzIiqc0\nTcIjiTsZpSR37aQ0P2MNLOCzr/8cyA14gj5vb0O++FF3nNlJcKfu+zk2IW9Pe1xw\nN1TRrqizyk3rEpfVLw6gM/rrECmytGHuFTcCdnSjWQ+ZQW2vZhSntu/SvgDKXSTU\nmXZPxWsCEIPxEZmklivDfVI0tgA64r6hhdXjUH4Pa6zJiEk+8neylgc9wr8ariOx\nBYIiFev7ryT9AoIBACM/kRHCvYs6Y5MgYQuB3gJsKPTaIqcExzhcAzVmNGibhVD5\ng56+EG3cMCINm/uY1WgDCtD8j0l/MyAuNsqz01n4iWm0cPEpa1wh+xMvAVglc+06\nrd++IBl5AW5X1TNFTSj5fkqEePO3DNWjDdX9HG0EuZqvIVoBu+o7TaRwotltVgiY\ne2+mLMCmG5TWhF9dj9HxFQBNe36QD4mzv4F6EVU1wAYt6UJKi8eYjKSzAB0HLOJ7\n8VTLGAcbHVIds0QIVUaT1G6ob2obXaudrg1wa6FCC6z2wLQzaEG3VPA6yb/1TCQq\n1FnMAN02tMgsiQ7YhWM6pwVeaIUcPaofogw2bAECggEBAPXXyXFvfGllYtYPbWMe\nilk8JfQkpvEpTiLrW2bxT2id200wIdMTzim6D8soFQAoJuCxmfE+OPGfYMFM5TS/\nvOgcBsIdouDVBu2HRMbLPZ5Scql6dT1Cexn0xMLDaMXMlLqzq6QbH8Ves3E3MfJL\n5flH9B5KWk7tl4K2RIxfgHAUQosBFDipZYRns29OZuv0psnLTMtb3LQd023q/8MX\npU0LcgtnqpH70cjKmDTWckklNdAaYor4KrAdA6RKiHjTSVQ/cjmzADx1vML+Cr+a\nI0/o24tyGPR71Ggxnou/dgOZhMPNGOIg/dXgBatjP6Ulb6yFWvO9DlxYh2x5espY\n2GkCggEANYuGsIocgt0gVi3v6g7jm9261jUbqrqUIuUXmBpl3kdLgzicEP+jXEqH\nmAkZEfYtFCYeulqTqi3LQvfQu52IaZeLr2E7Dna0d8pvIPADxnj9ficRrhrP9arN\nfk53VWtaPBJcanWRBE7+VKB/BiROluyuY/M/tvqA7a3M5lE8ZbqjoRjNfCZgMI+e\nFDqteLdPyj6d+/BCcuglA2djgznqBMb+xrj0V37n4CiSJ7koNCVLcOqv2rtBIWtU\nryhpGaUjxXKYUhpbLvy3361bPr39JnX8qx3QKMkjYDjbtcWqZfeOfyEVMt9GT6Nh\nCSH0YymNt+N1YRnf1Wt2MoH/jda5ew==\n-----END PRIVATE KEY-----\n",
            "public_key_fingerprint_md5": "3e:b6:a2:28:a6:c7:6d:02:d0:71:24:8d:a8:9f:37:33",
            "public_key_fingerprint_sha256": "SHA256:063ScLy1MkY289B+25EiGPMiNMCJMVkS6WzWBWKylDo",
            "public_key_openssh": "ssh-rsa AAAAB3NzaC1yc2EAAAADAQABAAACAQDhD67SzqLsu3URFtZbNNGOYK1Ueho9+s/Z8eNKWmpgnNC2WtkD1IOjuFa6vfSa3GDU/tWQeub8TI8KlRz30sZJnVQx6Wx7MlV0wm5uwhGEFOkY5M1+uUmp3+Y4APfprVwMoTbyLspbJvw9Gbbpdyht29fC5sSCQcuPSwT4q1nH6uxUMChkIX0sc9ULwu2+neM4gykqkNdPCVlFqa9LbikcyIFW1FmobJf8hLOoUoDZ89V6LLZyqyi1O3I1h8UAr5oNpX6Y32/PbHdbrMVJX8Mmu45RYvRqHp7rsAhdDi31lFHxIqOeSYUttiIccG4VCEHYH7cg9ptUlSLrVcLWmD5qzu6oS/ZhqwTcgtQuPpm6o9id73SGM9iuL+ppfvhJfYM3PWaC/1CmC21cH98KKX2JHzxUT+Fuj7TV0iEyQlVnNukYnrI2Wr7EeL072ulauLuol6koJ+NKfT3/v4x3XFHLKtbyuFByDRPDJXwTuFh9P+kDdvQcGyq0rM+SN2eIZ2ka8IH+I15fWyVwb+irkxp46KKOeQ2FfuHIgjlNdRT8g7LG+HaD7pbTFcdezeLPjSCnXGqNnFGKxGmSZDo7cmraFxoHNdvfWLPHauiLA5i2j83tDouCiZwBnBovwqD+zcdllSDNEDJnvQf/aT5Dgdzz2GbhPgvJNP7nk3zB/5Du/Q==\n",
            "public_key_pem": "-----BEGIN PUBLIC KEY-----\nMIICIjANBgkqhkiG9w0BAQEFAAOCAg8AMIICCgKCAgEA4Q+u0s6i7Lt1ERbWWzTR\njmCtVHoaPfrP2fHjSlpqYJzQtlrZA9SDo7hWur30mtxg1P7VkHrm/EyPCpUc99LG\nSZ1UMelsezJVdMJubsIRhBTpGOTNfrlJqd/mOAD36a1cDKE28i7KWyb8PRm26Xco\nbdvXwubEgkHLj0sE+KtZx+rsVDAoZCF9LHPVC8Ltvp3jOIMpKpDXTwlZRamvS24p\nHMiBVtRZqGyX/ISzqFKA2fPVeiy2cqsotTtyNYfFAK+aDaV+mN9vz2x3W6zFSV/D\nJruOUWL0ah6e67AIXQ4t9ZRR8SKjnkmFLbYiHHBuFQhB2B+3IPabVJUi61XC1pg+\nas7uqEv2YasE3ILULj6ZuqPYne90hjPYri/qaX74SX2DNz1mgv9QpgttXB/fCil9\niR88VE/hbo+01dIhMkJVZzbpGJ6yNlq+xHi9O9rpWri7qJepKCfjSn09/7+Md1xR\nyyrW8rhQcg0TwyV8E7hYfT/pA3b0HBsqtKzPkjdniGdpGvCB/iNeX1slcG/oq5Ma\neOiijnkNhX7hyII5TXUU/IOyxvh2g+6W0xXHXs3iz40gp1xqjZxRisRpkmQ6O3Jq\n2hcaBzXb31izx2roiwOYto/N7Q6LgomcAZwaL8Kg/s3HZZUgzRAyZ70H/2k+Q4Hc\n89hm4T4LyTT+55N8wf+Q7v0CAwEAAQ==\n-----END PUBLIC KEY-----\n",
            "rsa_bits": 4096
          },
          "sensitive_attributes": []
        }
      ]
    }
  ],
  "check_results": null
}
